{
  "name": "stackoverflowclone",
  "version": "1.0.0",
  "lockfileVersion": 3,
  "requires": true,
  "packages": {
    "": {
      "name": "stackoverflowclone",
      "version": "1.0.0",
      "license": "ISC",
      "dependencies": {
        "fortawesome": "^0.0.1-security",
        "package": "^1.0.1"
      }
    },
    "node_modules/fortawesome": {
      "version": "0.0.1-security",
      "resolved": "https://registry.npmjs.org/fortawesome/-/fortawesome-0.0.1-security.tgz",
      "integrity": "sha512-o/pwn9ZSnveFLYP0d5IejSwz0rpGMDQsBaYVvR8WXSvnxILIwh7IUJK0P90QMF4cnIyouVF2BGrz0LEVSyzimA=="
    },
    "node_modules/package": {
      "version": "1.0.1",
      "resolved": "https://registry.npmjs.org/package/-/package-1.0.1.tgz",
      "integrity": "sha512-g6xZR6CO7okjie83sIRJodgGvaXqymfE5GLhN8N2TmZGShmHc/V23hO/vWbdnuy3D81As3pfovw72gGi42l9qA==",
      "engines": {
        "node": ">= 0.6.0"
      }
    }
  }
}
